
Microsoft Visual Studio Solution File, Format Version 12.00
# Visual Studio Version 17
VisualStudioVersion = 17.13.35818.85 d17.13
MinimumVisualStudioVersion = 10.0.40219.1
Project("{FAE04EC0-301F-11D3-BF4B-00C04F79EFBC}") = "Intranet", "Intranet.csproj", "{EDC0A414-0893-42DC-A1F5-B4C7630C764F}"
EndProject
Global
	GlobalSection(SolutionConfigurationPlatforms) = preSolution
		Debug|Any CPU = Debug|Any CPU
		Release|Any CPU = Release|Any CPU
	EndGlobalSection
	GlobalSection(ProjectConfigurationPlatforms) = postSolution
		{EDC0A414-0893-42DC-A1F5-B4C7630C764F}.Debug|Any CPU.ActiveCfg = Debug|Any CPU
		{EDC0A414-0893-42DC-A1F5-B4C7630C764F}.Debug|Any CPU.Build.0 = Debug|Any CPU
		{EDC0A414-0893-42DC-A1F5-B4C7630C764F}.Release|Any CPU.ActiveCfg = Release|Any CPU
		{EDC0A414-0893-42DC-A1F5-B4C7630C764F}.Release|Any CPU.Build.0 = Release|Any CPU
	EndGlobalSection
	GlobalSection(SolutionProperties) = preSolution
		HideSolutionNode = FALSE
	EndGlobalSection
	GlobalSection(ExtensibilityGlobals) = postSolution
		SolutionGuid = {A1F51E4B-7639-457F-8DF2-7C9EF45D27A2}
	EndGlobalSection
EndGlobal
