
Microsoft Visual Studio Solution File, Format Version 12.00
# Visual Studio Version 17
VisualStudioVersion = 17.13.35818.85 d17.13
MinimumVisualStudioVersion = 10.0.40219.1
Project("{FAE04EC0-301F-11D3-BF4B-00C04F79EFBC}") = "EmployeeManagement", "EmployeeManagement.csproj", "{CEA80D37-04F6-43C4-8B8D-CB91AC36C4C9}"
EndProject
Global
	GlobalSection(SolutionConfigurationPlatforms) = preSolution
		Debug|Any CPU = Debug|Any CPU
		Release|Any CPU = Release|Any CPU
	EndGlobalSection
	GlobalSection(ProjectConfigurationPlatforms) = postSolution
		{CEA80D37-04F6-43C4-8B8D-CB91AC36C4C9}.Debug|Any CPU.ActiveCfg = Debug|Any CPU
		{CEA80D37-04F6-43C4-8B8D-CB91AC36C4C9}.Debug|Any CPU.Build.0 = Debug|Any CPU
		{CEA80D37-04F6-43C4-8B8D-CB91AC36C4C9}.Release|Any CPU.ActiveCfg = Release|Any CPU
		{CEA80D37-04F6-43C4-8B8D-CB91AC36C4C9}.Release|Any CPU.Build.0 = Release|Any CPU
	EndGlobalSection
	GlobalSection(SolutionProperties) = preSolution
		HideSolutionNode = FALSE
	EndGlobalSection
	GlobalSection(ExtensibilityGlobals) = postSolution
		SolutionGuid = {A715AF0A-3DFE-4DA3-8F46-0F35987D304D}
	EndGlobalSection
EndGlobal
